
Microsoft Visual Studio Solution File, Format Version 12.00
# Visual Studio 15
VisualStudioVersion = 15.0.27004.2002
MinimumVisualStudioVersion = 10.0.40219.1
Project("{FAE04EC0-301F-11D3-BF4B-00C04F79EFBC}") = "ServiceBusTopicsDemo", "ServiceBusTopicsDemo\ServiceBusTopicsDemo.csproj", "{8376AA8A-D37A-4F22-8962-70773FE1F8B4}"
EndProject
Project("{2150E333-8FDC-42A3-9474-1A3956D46DE8}") = "Solution Items", "Solution Items", "{4B19C845-5E32-4542-BF54-8502EC10B143}"
	ProjectSection(SolutionItems) = preProject
		README.md = README.md
	EndProjectSection
EndProject
Global
	GlobalSection(SolutionConfigurationPlatforms) = preSolution
		Debug|Any CPU = Debug|Any CPU
		Release|Any CPU = Release|Any CPU
	EndGlobalSection
	GlobalSection(ProjectConfigurationPlatforms) = postSolution
		{8376AA8A-D37A-4F22-8962-70773FE1F8B4}.Debug|Any CPU.ActiveCfg = Debug|Any CPU
		{8376AA8A-D37A-4F22-8962-70773FE1F8B4}.Debug|Any CPU.Build.0 = Debug|Any CPU
		{8376AA8A-D37A-4F22-8962-70773FE1F8B4}.Release|Any CPU.ActiveCfg = Release|Any CPU
		{8376AA8A-D37A-4F22-8962-70773FE1F8B4}.Release|Any CPU.Build.0 = Release|Any CPU
	EndGlobalSection
	GlobalSection(SolutionProperties) = preSolution
		HideSolutionNode = FALSE
	EndGlobalSection
	GlobalSection(ExtensibilityGlobals) = postSolution
		SolutionGuid = {89D02ACA-AA6E-4926-BD4B-BC94530AB91F}
	EndGlobalSection
EndGlobal
